<?xml version="1.0" encoding="utf-8"?>
<Project ToolsVersion="4.0" xmlns="http://schemas.microsoft.com/developer/msbuild/2003">
  <ItemGroup>
    <Filter Include="ソース ファイル">
      <UniqueIdentifier>{4FC737F1-C7A5-4376-A066-2A32D752A2FF}</UniqueIdentifier>
      <Extensions>cpp;c;cc;cxx;c++;cppm;ixx;def;odl;idl;hpj;bat;asm;asmx</Extensions>
    </Filter>
  </ItemGroup>
  <ItemGroup>
    <ClInclude Include="..\..\RenderPass\DeferredPasses.h">
      <Filter>ソース ファイル</Filter>
    </ClInclude>
    <ClInclude Include="..\..\RenderPass\ForwardPasses.h">
      <Filter>ソース ファイル</Filter>
    </ClInclude>
    <ClInclude Include="..\..\RenderPass\MakeCubeMapPasses.h">
      <Filter>ソース ファイル</Filter>
    </ClInclude>
    <ClInclude Include="..\..\RenderPass\PostProcessPasses.h">
      <Filter>ソース ファイル</Filter>
    </ClInclude>
    <ClInclude Include="..\..\RenderPass\RenderPasses.h">
      <Filter>ソース ファイル</Filter>
    </ClInclude>
    <ClInclude Include="..\..\RenderPass\ShaderIDTable.h">
      <Filter>ソース ファイル</Filter>
    </ClInclude>
    <ClInclude Include="..\..\RenderPass\ShadowPasses.h">
      <Filter>ソース ファイル</Filter>
    </ClInclude>
    <ClInclude Include="..\..\RenderPass\SSAOPasses.h">
      <Filter>ソース ファイル</Filter>
    </ClInclude>
  </ItemGroup>
  <ItemGroup>
    <ClCompile Include="..\..\RenderPass\Source\ForwardPasses.cpp">
      <Filter>ソース ファイル</Filter>
    </ClCompile>
    <ClCompile Include="..\..\RenderPass\Source\RenderPasses.cpp">
      <Filter>ソース ファイル</Filter>
    </ClCompile>
    <ClCompile Include="..\..\RenderPass\Source\ShadowPasses.cpp">
      <Filter>ソース ファイル</Filter>
    </ClCompile>
    <ClCompile Include="..\..\RenderPass\Source\SSAOPasses.cpp">
      <Filter>ソース ファイル</Filter>
    </ClCompile>
    <ClCompile Include="..\..\RenderPass\Source\PostProcessPasses.cpp">
      <Filter>ソース ファイル</Filter>
    </ClCompile>
    <ClCompile Include="..\..\RenderPass\Source\MakeCubeMapPasses.cpp">
      <Filter>ソース ファイル</Filter>
    </ClCompile>
    <ClCompile Include="..\..\RenderPass\Source\DeferredPasses.cpp">
      <Filter>ソース ファイル</Filter>
    </ClCompile>
  </ItemGroup>
</Project>